lockfileVersion: 9.0
settings:
  autoInstallPeers: true
  excludeLinksFromLockfile: false
importers:
  .:
    dependencies:
      @next-auth/prisma-adapter:
        specifier: ^1.0.7
        version: 1.0.7
      @sindresorhus/slugify:
        specifier: ^2.2.1
        version: 2.2.1
      @tanstack/react-query:
        specifier: ^5.45.0
        version: 5.45.0
      @tiptap/react:
        specifier: ^2.6.6
        version: 2.6.6
      @tiptap/starter-kit:
        specifier: ^2.6.6
        version: 2.6.6
      clsx:
        specifier: ^2.1.0
        version: 2.1.0
      date-fns:
        specifier: ^3.6.0
        version: 3.6.0
      metascraper:
        specifier: ^5.43.1
        version: 5.43.1
      metascraper-author:
        specifier: ^5.43.1
        version: 5.43.1
      metascraper-date:
        specifier: ^5.43.1
        version: 5.43.1
      metascraper-description:
        specifier: ^5.43.1
        version: 5.43.1
      metascraper-image:
        specifier: ^5.43.1
        version: 5.43.1
      metascraper-title:
        specifier: ^5.43.1
        version: 5.43.1
      metascraper-url:
        specifier: ^5.43.1
        version: 5.43.1
      onnxruntime-node:
        specifier: ^1.17.3
        version: 1.17.3
      lucide-react:
        specifier: ^0.378.0
        version: 0.378.0
      next:
        specifier: 14.2.3
        version: 14.2.3
      next-auth:
        specifier: ^4.24.7
        version: 4.24.7
      next-intl:
        specifier: ^3.13.0
        version: 3.13.0
      next-seo:
        specifier: ^6.5.0
        version: 6.5.0
      next-sitemap:
        specifier: ^4.2.3
        version: 4.2.3
      nodemailer:
        specifier: ^6.9.11
        version: 6.9.11
      pg:
        specifier: ^8.11.5
        version: 8.11.5
      pg-boss:
        specifier: ^9.0.3
        version: 9.0.3
      react:
        specifier: 18.2.0
        version: 18.2.0
      react-dom:
        specifier: 18.2.0
        version: 18.2.0
      rss-parser:
        specifier: ^3.13.0
        version: 3.13.0
      sanitize-html:
        specifier: ^2.13.0
        version: 2.13.0
      sharp:
        specifier: ^0.33.3
        version: 0.33.3
      sonner:
        specifier: ^1.4.2
        version: 1.4.2
      web-push:
        specifier: ^3.6.7
        version: 3.6.7
      zod:
        specifier: ^3.23.8
        version: 3.23.8
      @prisma/client:
        specifier: ^5.16.1
        version: 5.16.1
    devDependencies:
      @commitlint/cli:
        specifier: ^19.3.0
        version: 19.3.0
      @commitlint/config-conventional:
        specifier: ^19.2.2
        version: 19.2.2
      @types/node:
        specifier: ^20.14.10
        version: 20.14.10
      @types/react:
        specifier: ^18.2.48
        version: 18.2.48
      @types/react-dom:
        specifier: ^18.2.18
        version: 18.2.18
      autoprefixer:
        specifier: ^10.4.19
        version: 10.4.19
      eslint:
        specifier: ^8.57.0
        version: 8.57.0
      eslint-config-next:
        specifier: ^14.2.3
        version: 14.2.3
      husky:
        specifier: ^9.1.0
        version: 9.1.0
      lint-staged:
        specifier: ^15.2.5
        version: 15.2.5
      postcss:
        specifier: ^8.4.39
        version: 8.4.39
      prettier:
        specifier: ^3.3.2
        version: 3.3.2
      prisma:
        specifier: ^5.16.1
        version: 5.16.1
      tailwindcss:
        specifier: ^3.4.4
        version: 3.4.4
      typescript:
        specifier: ^5.4.5
        version: 5.4.5
      ts-node:
        specifier: ^10.9.2
        version: 10.9.2
      tsx:
        specifier: ^4.16.2
        version: 4.16.2
      vitest:
        specifier: ^1.6.0
        version: 1.6.0
      @vitest/coverage-v8:
        specifier: ^1.6.0
        version: 1.6.0
      vite-tsconfig-paths:
        specifier: ^4.3.2
        version: 4.3.2
packages:

